
Microsoft Visual Studio Solution File, Format Version 12.00
# Visual Studio Version 17
VisualStudioVersion = 17.10.35027.167
MinimumVisualStudioVersion = 10.0.40219.1
Project("{FAE04EC0-301F-11D3-BF4B-00C04F79EFBC}") = "video.NET8", "video.NET8\video.NET8.csproj", "{3644DDDE-59D6-4466-9F47-24EA52F50936}"
EndProject
Global
	GlobalSection(SolutionConfigurationPlatforms) = preSolution
		Debug|Any CPU = Debug|Any CPU
		Release|Any CPU = Release|Any CPU
	EndGlobalSection
	GlobalSection(ProjectConfigurationPlatforms) = postSolution
		{3644DDDE-59D6-4466-9F47-24EA52F50936}.Debug|Any CPU.ActiveCfg = Debug|Any CPU
		{3644DDDE-59D6-4466-9F47-24EA52F50936}.Debug|Any CPU.Build.0 = Debug|Any CPU
		{3644DDDE-59D6-4466-9F47-24EA52F50936}.Release|Any CPU.ActiveCfg = Release|Any CPU
		{3644DDDE-59D6-4466-9F47-24EA52F50936}.Release|Any CPU.Build.0 = Release|Any CPU
	EndGlobalSection
	GlobalSection(SolutionProperties) = preSolution
		HideSolutionNode = FALSE
	EndGlobalSection
	GlobalSection(ExtensibilityGlobals) = postSolution
		SolutionGuid = {3658DF1D-E71E-4630-8D2D-1A0751269311}
	EndGlobalSection
EndGlobal
